
Microsoft Visual Studio Solution File, Format Version 12.00
# Visual Studio Express 2012 for Web
Project("{E24C65DC-7377-472B-9ABA-BC803B73C61A}") = "Placement portal", ".", "{D08AA4A5-6A67-47D0-A39E-7A6726662285}"
	ProjectSection(WebsiteProperties) = preProject
		TargetFrameworkMoniker = ".NETFramework,Version%3Dv4.5"
		Debug.AspNetCompiler.VirtualPath = "/Placement portal"
		Debug.AspNetCompiler.PhysicalPath = "..\Placement portal\"
		Debug.AspNetCompiler.TargetPath = "PrecompiledWeb\Placement portal\"
		Debug.AspNetCompiler.Updateable = "true"
		Debug.AspNetCompiler.ForceOverwrite = "true"
		Debug.AspNetCompiler.FixedNames = "false"
		Debug.AspNetCompiler.Debug = "True"
		Release.AspNetCompiler.VirtualPath = "/Placement portal"
		Release.AspNetCompiler.PhysicalPath = "..\Placement portal\"
		Release.AspNetCompiler.TargetPath = "PrecompiledWeb\Placement portal\"
		Release.AspNetCompiler.Updateable = "true"
		Release.AspNetCompiler.ForceOverwrite = "true"
		Release.AspNetCompiler.FixedNames = "false"
		Release.AspNetCompiler.Debug = "False"
		VWDPort = "50621"
	EndProjectSection
EndProject
Global
	GlobalSection(SolutionConfigurationPlatforms) = preSolution
		Debug|Any CPU = Debug|Any CPU
	EndGlobalSection
	GlobalSection(ProjectConfigurationPlatforms) = postSolution
		{D08AA4A5-6A67-47D0-A39E-7A6726662285}.Debug|Any CPU.ActiveCfg = Debug|Any CPU
		{D08AA4A5-6A67-47D0-A39E-7A6726662285}.Debug|Any CPU.Build.0 = Debug|Any CPU
	EndGlobalSection
	GlobalSection(SolutionProperties) = preSolution
		HideSolutionNode = FALSE
	EndGlobalSection
EndGlobal
